<Solution>
  <Folder Name="/Mod Docs + Icon/">
    <File Path="docs/CHANGELOG.md" />
    <File Path="docs/LICENSE.md" />
    <File Path="docs/README.md" />
    <File Path="docs/icon.png" />
  </Folder>
  <Project Path="src/ThunderstorePackager/ThunderstorePackager.csproj" />
  <Folder Name="/Libraries/" />
  <Project Path="src/LCMPublishingTemplate/LCMPublishingTemplate.csproj" />
</Solution>
